
Microsoft Visual Studio Solution File, Format Version 12.00
# Visual Studio Version 17
VisualStudioVersion = 17.9.34728.123
MinimumVisualStudioVersion = 10.0.40219.1
Project("{FAE04EC0-301F-11D3-BF4B-00C04F79EFBC}") = "ConsoleApp1 Day 5.1", "ConsoleApp1 Day 5.1\ConsoleApp1 Day 5.1.csproj", "{AC32FE85-C345-41AC-874C-B3277D079DE5}"
EndProject
Global
	GlobalSection(SolutionConfigurationPlatforms) = preSolution
		Debug|Any CPU = Debug|Any CPU
		Release|Any CPU = Release|Any CPU
	EndGlobalSection
	GlobalSection(ProjectConfigurationPlatforms) = postSolution
		{AC32FE85-C345-41AC-874C-B3277D079DE5}.Debug|Any CPU.ActiveCfg = Debug|Any CPU
		{AC32FE85-C345-41AC-874C-B3277D079DE5}.Debug|Any CPU.Build.0 = Debug|Any CPU
		{AC32FE85-C345-41AC-874C-B3277D079DE5}.Release|Any CPU.ActiveCfg = Release|Any CPU
		{AC32FE85-C345-41AC-874C-B3277D079DE5}.Release|Any CPU.Build.0 = Release|Any CPU
	EndGlobalSection
	GlobalSection(SolutionProperties) = preSolution
		HideSolutionNode = FALSE
	EndGlobalSection
	GlobalSection(ExtensibilityGlobals) = postSolution
		SolutionGuid = {A80F8F6A-B61D-49E7-B411-9507E8DB36F5}
	EndGlobalSection
EndGlobal
