
Microsoft Visual Studio Solution File, Format Version 12.00
# Visual Studio Version 17
VisualStudioVersion = 17.9.34728.123
MinimumVisualStudioVersion = 10.0.40219.1
Project("{FAE04EC0-301F-11D3-BF4B-00C04F79EFBC}") = "Task 1 do whil loop", "Task 1 do whil loop\Task 1 do whil loop.csproj", "{2E9E5B51-CAC2-4352-9985-1E92978FC371}"
EndProject
Global
	GlobalSection(SolutionConfigurationPlatforms) = preSolution
		Debug|Any CPU = Debug|Any CPU
		Release|Any CPU = Release|Any CPU
	EndGlobalSection
	GlobalSection(ProjectConfigurationPlatforms) = postSolution
		{2E9E5B51-CAC2-4352-9985-1E92978FC371}.Debug|Any CPU.ActiveCfg = Debug|Any CPU
		{2E9E5B51-CAC2-4352-9985-1E92978FC371}.Debug|Any CPU.Build.0 = Debug|Any CPU
		{2E9E5B51-CAC2-4352-9985-1E92978FC371}.Release|Any CPU.ActiveCfg = Release|Any CPU
		{2E9E5B51-CAC2-4352-9985-1E92978FC371}.Release|Any CPU.Build.0 = Release|Any CPU
	EndGlobalSection
	GlobalSection(SolutionProperties) = preSolution
		HideSolutionNode = FALSE
	EndGlobalSection
	GlobalSection(ExtensibilityGlobals) = postSolution
		SolutionGuid = {8D768C6F-B342-4941-BFC5-2BB378066B6B}
	EndGlobalSection
EndGlobal
